// !$*UTF8*$!
{
	archiveVersion = 1;
	classes = {
	};
	objectVersion = 50;
	objects = {

/* Begin PBXBuildFile section */
		011AF27D256DCC5E00E11B10 /* AppDelegate.swift in Sources */ = {isa = PBXBuildFile; fileRef = 011AF27C256DCC5E00E11B10 /* AppDelegate.swift */; };
		011AF27F256DCC5E00E11B10 /* SceneDelegate.swift in Sources */ = {isa = PBXBuildFile; fileRef = 011AF27E256DCC5E00E11B10 /* SceneDelegate.swift */; };
		011AF281256DCC5E00E11B10 /* ViewController.swift in Sources */ = {isa = PBXBuildFile; fileRef = 011AF280256DCC5E00E11B10 /* ViewController.swift */; };
		011AF284256DCC5E00E11B10 /* Main.storyboard in Resources */ = {isa = PBXBuildFile; fileRef = 011AF282256DCC5E00E11B10 /* Main.storyboard */; };
		011AF286256DCC6100E11B10 /* Assets.xcassets in Resources */ = {isa = PBXBuildFile; fileRef = 011AF285256DCC6100E11B10 /* Assets.xcassets */; };
		011AF289256DCC6100E11B10 /* LaunchScreen.storyboard in Resources */ = {isa = PBXBuildFile; fileRef = 011AF287256DCC6100E11B10 /* LaunchScreen.storyboard */; };
		011AF294256DCC6100E11B10 /* PriceCheckerTests.swift in Sources */ = {isa = PBXBuildFile; fileRef = 011AF293256DCC6100E11B10 /* PriceCheckerTests.swift */; };
		011AF29F256DCC6100E11B10 /* PriceCheckerUITests.swift in Sources */ = {isa = PBXBuildFile; fileRef = 011AF29E256DCC6100E11B10 /* PriceCheckerUITests.swift */; };
/* End PBXBuildFile section */

/* Begin PBXContainerItemProxy section */
		011AF290256DCC6100E11B10 /* PBXContainerItemProxy */ = {
			isa = PBXContainerItemProxy;
			containerPortal = 011AF271256DCC5E00E11B10 /* Project object */;
			proxyType = 1;
			remoteGlobalIDString = 011AF278256DCC5E00E11B10;
			remoteInfo = PriceChecker;
		};
		011AF29B256DCC6100E11B10 /* PBXContainerItemProxy */ = {
			isa = PBXContainerItemProxy;
			containerPortal = 011AF271256DCC5E00E11B10 /* Project object */;
			proxyType = 1;
			remoteGlobalIDString = 011AF278256DCC5E00E11B10;
			remoteInfo = PriceChecker;
		};
/* End PBXContainerItemProxy section */

/* Begin PBXFileReference section */
		011AF279256DCC5E00E11B10 /* PriceChecker.app */ = {isa = PBXFileReference; explicitFileType = wrapper.application; includeInIndex = 0; path = PriceChecker.app; sourceTree = BUILT_PRODUCTS_DIR; };
		011AF27C256DCC5E00E11B10 /* AppDelegate.swift */ = {isa = PBXFileReference; lastKnownFileType = sourcecode.swift; path = AppDelegate.swift; sourceTree = "<group>"; };
		011AF27E256DCC5E00E11B10 /* SceneDelegate.swift */ = {isa = PBXFileReference; lastKnownFileType = sourcecode.swift; path = SceneDelegate.swift; sourceTree = "<group>"; };
		011AF280256DCC5E00E11B10 /* ViewController.swift */ = {isa = PBXFileReference; lastKnownFileType = sourcecode.swift; path = ViewController.swift; sourceTree = "<group>"; };
		011AF283256DCC5E00E11B10 /* Base */ = {isa = PBXFileReference; lastKnownFileType = file.storyboard; name = Base; path = Base.lproj/Main.storyboard; sourceTree = "<group>"; };
		011AF285256DCC6100E11B10 /* Assets.xcassets */ = {isa = PBXFileReference; lastKnownFileType = folder.assetcatalog; path = Assets.xcassets; sourceTree = "<group>"; };
		011AF288256DCC6100E11B10 /* Base */ = {isa = PBXFileReference; lastKnownFileType = file.storyboard; name = Base; path = Base.lproj/LaunchScreen.storyboard; sourceTree = "<group>"; };
		011AF28A256DCC6100E11B10 /* Info.plist */ = {isa = PBXFileReference; lastKnownFileType = text.plist.xml; path = Info.plist; sourceTree = "<group>"; };
		011AF28F256DCC6100E11B10 /* PriceCheckerTests.xctest */ = {isa = PBXFileReference; explicitFileType = wrapper.cfbundle; includeInIndex = 0; path = PriceCheckerTests.xctest; sourceTree = BUILT_PRODUCTS_DIR; };
		011AF293256DCC6100E11B10 /* PriceCheckerTests.swift */ = {isa = PBXFileReference; lastKnownFileType = sourcecode.swift; path = PriceCheckerTests.swift; sourceTree = "<group>"; };
		011AF295256DCC6100E11B10 /* Info.plist */ = {isa = PBXFileReference; lastKnownFileType = text.plist.xml; path = Info.plist; sourceTree = "<group>"; };
		011AF29A256DCC6100E11B10 /* PriceCheckerUITests.xctest */ = {isa = PBXFileReference; explicitFileType = wrapper.cfbundle; includeInIndex = 0; path = PriceCheckerUITests.xctest; sourceTree = BUILT_PRODUCTS_DIR; };
		011AF29E256DCC6100E11B10 /* PriceCheckerUITests.swift */ = {isa = PBXFileReference; lastKnownFileType = sourcecode.swift; path = PriceCheckerUITests.swift; sourceTree = "<group>"; };
		011AF2A0256DCC6100E11B10 /* Info.plist */ = {isa = PBXFileReference; lastKnownFileType = text.plist.xml; path = Info.plist; sourceTree = "<group>"; };
/* End PBXFileReference section */

/* Begin PBXFrameworksBuildPhase section */
		011AF276256DCC5E00E11B10 /* Frameworks */ = {
			isa = PBXFrameworksBuildPhase;
			buildActionMask = 2147483647;
			files = (
			);
			runOnlyForDeploymentPostprocessing = 0;
		};
		011AF28C256DCC6100E11B10 /* Frameworks */ = {
			isa = PBXFrameworksBuildPhase;
			buildActionMask = 2147483647;
			files = (
			);
			runOnlyForDeploymentPostprocessing = 0;
		};
		011AF297256DCC6100E11B10 /* Frameworks */ = {
			isa = PBXFrameworksBuildPhase;
			buildActionMask = 2147483647;
			files = (
			);
			runOnlyForDeploymentPostprocessing = 0;
		};
/* End PBXFrameworksBuildPhase section */

/* Begin PBXGroup section */
		011AF270256DCC5E00E11B10 = {
			isa = PBXGroup;
			children = (
				011AF27B256DCC5E00E11B10 /* PriceChecker */,
				011AF292256DCC6100E11B10 /* PriceCheckerTests */,
				011AF29D256DCC6100E11B10 /* PriceCheckerUITests */,
				011AF27A256DCC5E00E11B10 /* Products */,
			);
			sourceTree = "<group>";
		};
		011AF27A256DCC5E00E11B10 /* Products */ = {
			isa = PBXGroup;
			children = (
				011AF279256DCC5E00E11B10 /* PriceChecker.app */,
				011AF28F256DCC6100E11B10 /* PriceCheckerTests.xctest */,
				011AF29A256DCC6100E11B10 /* PriceCheckerUITests.xctest */,
			);
			name = Products;
			sourceTree = "<group>";
		};
		011AF27B256DCC5E00E11B10 /* PriceChecker */ = {
			isa = PBXGroup;
			children = (
				011AF27C256DCC5E00E11B10 /* AppDelegate.swift */,
				011AF27E256DCC5E00E11B10 /* SceneDelegate.swift */,
				011AF280256DCC5E00E11B10 /* ViewController.swift */,
				011AF282256DCC5E00E11B10 /* Main.storyboard */,
				011AF285256DCC6100E11B10 /* Assets.xcassets */,
				011AF287256DCC6100E11B10 /* LaunchScreen.storyboard */,
				011AF28A256DCC6100E11B10 /* Info.plist */,
			);
			path = PriceChecker;
			sourceTree = "<group>";
		};
		011AF292256DCC6100E11B10 /* PriceCheckerTests */ = {
			isa = PBXGroup;
			children = (
				011AF293256DCC6100E11B10 /* PriceCheckerTests.swift */,
				011AF295256DCC6100E11B10 /* Info.plist */,
			);
			path = PriceCheckerTests;
			sourceTree = "<group>";
		};
		011AF29D256DCC6100E11B10 /* PriceCheckerUITests */ = {
			isa = PBXGroup;
			children = (
				011AF29E256DCC6100E11B10 /* PriceCheckerUITests.swift */,
				011AF2A0256DCC6100E11B10 /* Info.plist */,
			);
			path = PriceCheckerUITests;
			sourceTree = "<group>";
		};
/* End PBXGroup section */

/* Begin PBXNativeTarget section */
		011AF278256DCC5E00E11B10 /* PriceChecker */ = {
			isa = PBXNativeTarget;
			buildConfigurationList = 011AF2A3256DCC6100E11B10 /* Build configuration list for PBXNativeTarget "PriceChecker" */;
			buildPhases = (
				011AF275256DCC5E00E11B10 /* Sources */,
				011AF276256DCC5E00E11B10 /* Frameworks */,
				011AF277256DCC5E00E11B10 /* Resources */,
			);
			buildRules = (
			);
			dependencies = (
			);
			name = PriceChecker;
			productName = PriceChecker;
			productReference = 011AF279256DCC5E00E11B10 /* PriceChecker.app */;
			productType = "com.apple.product-type.application";
		};
		011AF28E256DCC6100E11B10 /* PriceCheckerTests */ = {
			isa = PBXNativeTarget;
			buildConfigurationList = 011AF2A6256DCC6100E11B10 /* Build configuration list for PBXNativeTarget "PriceCheckerTests" */;
			buildPhases = (
				011AF28B256DCC6100E11B10 /* Sources */,
				011AF28C256DCC6100E11B10 /* Frameworks */,
				011AF28D256DCC6100E11B10 /* Resources */,
			);
			buildRules = (
			);
			dependencies = (
				011AF291256DCC6100E11B10 /* PBXTargetDependency */,
			);
			name = PriceCheckerTests;
			productName = PriceCheckerTests;
			productReference = 011AF28F256DCC6100E11B10 /* PriceCheckerTests.xctest */;
			productType = "com.apple.product-type.bundle.unit-test";
		};
		011AF299256DCC6100E11B10 /* PriceCheckerUITests */ = {
			isa = PBXNativeTarget;
			buildConfigurationList = 011AF2A9256DCC6100E11B10 /* Build configuration list for PBXNativeTarget "PriceCheckerUITests" */;
			buildPhases = (
				011AF296256DCC6100E11B10 /* Sources */,
				011AF297256DCC6100E11B10 /* Frameworks */,
				011AF298256DCC6100E11B10 /* Resources */,
			);
			buildRules = (
			);
			dependencies = (
				011AF29C256DCC6100E11B10 /* PBXTargetDependency */,
			);
			name = PriceCheckerUITests;
			productName = PriceCheckerUITests;
			productReference = 011AF29A256DCC6100E11B10 /* PriceCheckerUITests.xctest */;
			productType = "com.apple.product-type.bundle.ui-testing";
		};
/* End PBXNativeTarget section */

/* Begin PBXProject section */
		011AF271256DCC5E00E11B10 /* Project object */ = {
			isa = PBXProject;
			attributes = {
				LastSwiftUpdateCheck = 1200;
				LastUpgradeCheck = 1200;
				TargetAttributes = {
					011AF278256DCC5E00E11B10 = {
						CreatedOnToolsVersion = 12.0;
					};
					011AF28E256DCC6100E11B10 = {
						CreatedOnToolsVersion = 12.0;
						TestTargetID = 011AF278256DCC5E00E11B10;
					};
					011AF299256DCC6100E11B10 = {
						CreatedOnToolsVersion = 12.0;
						TestTargetID = 011AF278256DCC5E00E11B10;
					};
				};
			};
			buildConfigurationList = 011AF274256DCC5E00E11B10 /* Build configuration list for PBXProject "PriceChecker" */;
			compatibilityVersion = "Xcode 9.3";
			developmentRegion = en;
			hasScannedForEncodings = 0;
			knownRegions = (
				en,
				Base,
			);
			mainGroup = 011AF270256DCC5E00E11B10;
			productRefGroup = 011AF27A256DCC5E00E11B10 /* Products */;
			projectDirPath = "";
			projectRoot = "";
			targets = (
				011AF278256DCC5E00E11B10 /* PriceChecker */,
				011AF28E256DCC6100E11B10 /* PriceCheckerTests */,
				011AF299256DCC6100E11B10 /* PriceCheckerUITests */,
			);
		};
/* End PBXProject section */

/* Begin PBXResourcesBuildPhase section */
		011AF277256DCC5E00E11B10 /* Resources */ = {
			isa = PBXResourcesBuildPhase;
			buildActionMask = 2147483647;
			files = (
				011AF289256DCC6100E11B10 /* LaunchScreen.storyboard in Resources */,
				011AF286256DCC6100E11B10 /* Assets.xcassets in Resources */,
				011AF284256DCC5E00E11B10 /* Main.storyboard in Resources */,
			);
			runOnlyForDeploymentPostprocessing = 0;
		};
		011AF28D256DCC6100E11B10 /* Resources */ = {
			isa = PBXResourcesBuildPhase;
			buildActionMask = 2147483647;
			files = (
			);
			runOnlyForDeploymentPostprocessing = 0;
		};
		011AF298256DCC6100E11B10 /* Resources */ = {
			isa = PBXResourcesBuildPhase;
			buildActionMask = 2147483647;
			files = (
			);
			runOnlyForDeploymentPostprocessing = 0;
		};
/* End PBXResourcesBuildPhase section */

/* Begin PBXSourcesBuildPhase section */
		011AF275256DCC5E00E11B10 /* Sources */ = {
			isa = PBXSourcesBuildPhase;
			buildActionMask = 2147483647;
			files = (
				011AF281256DCC5E00E11B10 /* ViewController.swift in Sources */,
				011AF27D256DCC5E00E11B10 /* AppDelegate.swift in Sources */,
				011AF27F256DCC5E00E11B10 /* SceneDelegate.swift in Sources */,
			);
			runOnlyForDeploymentPostprocessing = 0;
		};
		011AF28B256DCC6100E11B10 /* Sources */ = {
			isa = PBXSourcesBuildPhase;
			buildActionMask = 2147483647;
			files = (
				011AF294256DCC6100E11B10 /* PriceCheckerTests.swift in Sources */,
			);
			runOnlyForDeploymentPostprocessing = 0;
		};
		011AF296256DCC6100E11B10 /* Sources */ = {
			isa = PBXSourcesBuildPhase;
			buildActionMask = 2147483647;
			files = (
				011AF29F256DCC6100E11B10 /* PriceCheckerUITests.swift in Sources */,
			);
			runOnlyForDeploymentPostprocessing = 0;
		};
/* End PBXSourcesBuildPhase section */

/* Begin PBXTargetDependency section */
		011AF291256DCC6100E11B10 /* PBXTargetDependency */ = {
			isa = PBXTargetDependency;
			target = 011AF278256DCC5E00E11B10 /* PriceChecker */;
			targetProxy = 011AF290256DCC6100E11B10 /* PBXContainerItemProxy */;
		};
		011AF29C256DCC6100E11B10 /* PBXTargetDependency */ = {
			isa = PBXTargetDependency;
			target = 011AF278256DCC5E00E11B10 /* PriceChecker */;
			targetProxy = 011AF29B256DCC6100E11B10 /* PBXContainerItemProxy */;
		};
/* End PBXTargetDependency section */

/* Begin PBXVariantGroup section */
		011AF282256DCC5E00E11B10 /* Main.storyboard */ = {
			isa = PBXVariantGroup;
			children = (
				011AF283256DCC5E00E11B10 /* Base */,
			);
			name = Main.storyboard;
			sourceTree = "<group>";
		};
		011AF287256DCC6100E11B10 /* LaunchScreen.storyboard */ = {
			isa = PBXVariantGroup;
			children = (
				011AF288256DCC6100E11B10 /* Base */,
			);
			name = LaunchScreen.storyboard;
			sourceTree = "<group>";
		};
/* End PBXVariantGroup section */

/* Begin XCBuildConfiguration section */
		011AF2A1256DCC6100E11B10 /* Debug */ = {
			isa = XCBuildConfiguration;
			buildSettings = {
				ALWAYS_SEARCH_USER_PATHS = NO;
				CLANG_ANALYZER_NONNULL = YES;
				CLANG_ANALYZER_NUMBER_OBJECT_CONVERSION = YES_AGGRESSIVE;
				CLANG_CXX_LANGUAGE_STANDARD = "gnu++14";
				CLANG_CXX_LIBRARY = "libc++";
				CLANG_ENABLE_MODULES = YES;
				CLANG_ENABLE_OBJC_ARC = YES;
				CLANG_ENABLE_OBJC_WEAK = YES;
				CLANG_WARN_BLOCK_CAPTURE_AUTORELEASING = YES;
				CLANG_WARN_BOOL_CONVERSION = YES;
				CLANG_WARN_COMMA = YES;
				CLANG_WARN_CONSTANT_CONVERSION = YES;
				CLANG_WARN_DEPRECATED_OBJC_IMPLEMENTATIONS = YES;
				CLANG_WARN_DIRECT_OBJC_ISA_USAGE = YES_ERROR;
				CLANG_WARN_DOCUMENTATION_COMMENTS = YES;
				CLANG_WARN_EMPTY_BODY = YES;
				CLANG_WARN_ENUM_CONVERSION = YES;
				CLANG_WARN_INFINITE_RECURSION = YES;
				CLANG_WARN_INT_CONVERSION = YES;
				CLANG_WARN_NON_LITERAL_NULL_CONVERSION = YES;
				CLANG_WARN_OBJC_IMPLICIT_RETAIN_SELF = YES;
				CLANG_WARN_OBJC_LITERAL_CONVERSION = YES;
				CLANG_WARN_OBJC_ROOT_CLASS = YES_ERROR;
				CLANG_WARN_QUOTED_INCLUDE_IN_FRAMEWORK_HEADER = YES;
				CLANG_WARN_RANGE_LOOP_ANALYSIS = YES;
				CLANG_WARN_STRICT_PROTOTYPES = YES;
				CLANG_WARN_SUSPICIOUS_MOVE = YES;
				CLANG_WARN_UNGUARDED_AVAILABILITY = YES_AGGRESSIVE;
				CLANG_WARN_UNREACHABLE_CODE = YES;
				CLANG_WARN__DUPLICATE_METHOD_MATCH = YES;
				COPY_PHASE_STRIP = NO;
				DEBUG_INFORMATION_FORMAT = dwarf;
				ENABLE_STRICT_OBJC_MSGSEND = YES;
				ENABLE_TESTABILITY = YES;
				GCC_C_LANGUAGE_STANDARD = gnu11;
				GCC_DYNAMIC_NO_PIC = NO;
				GCC_NO_COMMON_BLOCKS = YES;
				GCC_OPTIMIZATION_LEVEL = 0;
				GCC_PREPROCESSOR_DEFINITIONS = (
					"DEBUG=1",
					"$(inherited)",
				);
				GCC_WARN_64_TO_32_BIT_CONVERSION = YES;
				GCC_WARN_ABOUT_RETURN_TYPE = YES_ERROR;
				GCC_WARN_UNDECLARED_SELECTOR = YES;
				GCC_WARN_UNINITIALIZED_AUTOS = YES_AGGRESSIVE;
				GCC_WARN_UNUSED_FUNCTION = YES;
				GCC_WARN_UNUSED_VARIABLE = YES;
				IPHONEOS_DEPLOYMENT_TARGET = 14.0;
				MTL_ENABLE_DEBUG_INFO = INCLUDE_SOURCE;
				MTL_FAST_MATH = YES;
				ONLY_ACTIVE_ARCH = YES;
				SDKROOT = iphoneos;
				SWIFT_ACTIVE_COMPILATION_CONDITIONS = DEBUG;
				SWIFT_OPTIMIZATION_LEVEL = "-Onone";
			};
			name = Debug;
		};
		011AF2A2256DCC6100E11B10 /* Release */ = {
			isa = XCBuildConfiguration;
			buildSettings = {
				ALWAYS_SEARCH_USER_PATHS = NO;
				CLANG_ANALYZER_NONNULL = YES;
				CLANG_ANALYZER_NUMBER_OBJECT_CONVERSION = YES_AGGRESSIVE;
				CLANG_CXX_LANGUAGE_STANDARD = "gnu++14";
				CLANG_CXX_LIBRARY = "libc++";
				CLANG_ENABLE_MODULES = YES;
				CLANG_ENABLE_OBJC_ARC = YES;
				CLANG_ENABLE_OBJC_WEAK = YES;
				CLANG_WARN_BLOCK_CAPTURE_AUTORELEASING = YES;
				CLANG_WARN_BOOL_CONVERSION = YES;
				CLANG_WARN_COMMA = YES;
				CLANG_WARN_CONSTANT_CONVERSION = YES;
				CLANG_WARN_DEPRECATED_OBJC_IMPLEMENTATIONS = YES;
				CLANG_WARN_DIRECT_OBJC_ISA_USAGE = YES_ERROR;
				CLANG_WARN_DOCUMENTATION_COMMENTS = YES;
				CLANG_WARN_EMPTY_BODY = YES;
				CLANG_WARN_ENUM_CONVERSION = YES;
				CLANG_WARN_INFINITE_RECURSION = YES;
				CLANG_WARN_INT_CONVERSION = YES;
				CLANG_WARN_NON_LITERAL_NULL_CONVERSION = YES;
				CLANG_WARN_OBJC_IMPLICIT_RETAIN_SELF = YES;
				CLANG_WARN_OBJC_LITERAL_CONVERSION = YES;
				CLANG_WARN_OBJC_ROOT_CLASS = YES_ERROR;
				CLANG_WARN_QUOTED_INCLUDE_IN_FRAMEWORK_HEADER = YES;
				CLANG_WARN_RANGE_LOOP_ANALYSIS = YES;
				CLANG_WARN_STRICT_PROTOTYPES = YES;
				CLANG_WARN_SUSPICIOUS_MOVE = YES;
				CLANG_WARN_UNGUARDED_AVAILABILITY = YES_AGGRESSIVE;
				CLANG_WARN_UNREACHABLE_CODE = YES;
				CLANG_WARN__DUPLICATE_METHOD_MATCH = YES;
				COPY_PHASE_STRIP = NO;
				DEBUG_INFORMATION_FORMAT = "dwarf-with-dsym";
				ENABLE_NS_ASSERTIONS = NO;
				ENABLE_STRICT_OBJC_MSGSEND = YES;
				GCC_C_LANGUAGE_STANDARD = gnu11;
				GCC_NO_COMMON_BLOCKS = YES;
				GCC_WARN_64_TO_32_BIT_CONVERSION = YES;
				GCC_WARN_ABOUT_RETURN_TYPE = YES_ERROR;
				GCC_WARN_UNDECLARED_SELECTOR = YES;
				GCC_WARN_UNINITIALIZED_AUTOS = YES_AGGRESSIVE;
				GCC_WARN_UNUSED_FUNCTION = YES;
				GCC_WARN_UNUSED_VARIABLE = YES;
				IPHONEOS_DEPLOYMENT_TARGET = 14.0;
				MTL_ENABLE_DEBUG_INFO = NO;
				MTL_FAST_MATH = YES;
				SDKROOT = iphoneos;
				SWIFT_COMPILATION_MODE = wholemodule;
				SWIFT_OPTIMIZATION_LEVEL = "-O";
				VALIDATE_PRODUCT = YES;
			};
			name = Release;
		};
		011AF2A4256DCC6100E11B10 /* Debug */ = {
			isa = XCBuildConfiguration;
			buildSettings = {
				ASSETCATALOG_COMPILER_APPICON_NAME = AppIcon;
				ASSETCATALOG_COMPILER_GLOBAL_ACCENT_COLOR_NAME = AccentColor;
				CODE_SIGN_STYLE = Automatic;
				DEVELOPMENT_TEAM = 8F38J5WP9S;
				INFOPLIST_FILE = PriceChecker/Info.plist;
				LD_RUNPATH_SEARCH_PATHS = (
					"$(inherited)",
					"@executable_path/Frameworks",
				);
				PRODUCT_BUNDLE_IDENTIFIER = bruh.PriceChecker;
				PRODUCT_NAME = "$(TARGET_NAME)";
				SWIFT_VERSION = 5.0;
				TARGETED_DEVICE_FAMILY = "1,2";
			};
			name = Debug;
		};
		011AF2A5256DCC6100E11B10 /* Release */ = {
			isa = XCBuildConfiguration;
			buildSettings = {
				ASSETCATALOG_COMPILER_APPICON_NAME = AppIcon;
				ASSETCATALOG_COMPILER_GLOBAL_ACCENT_COLOR_NAME = AccentColor;
				CODE_SIGN_STYLE = Automatic;
				DEVELOPMENT_TEAM = 8F38J5WP9S;
				INFOPLIST_FILE = PriceChecker/Info.plist;
				LD_RUNPATH_SEARCH_PATHS = (
					"$(inherited)",
					"@executable_path/Frameworks",
				);
				PRODUCT_BUNDLE_IDENTIFIER = bruh.PriceChecker;
				PRODUCT_NAME = "$(TARGET_NAME)";
				SWIFT_VERSION = 5.0;
				TARGETED_DEVICE_FAMILY = "1,2";
			};
			name = Release;
		};
		011AF2A7256DCC6100E11B10 /* Debug */ = {
			isa = XCBuildConfiguration;
			buildSettings = {
				ALWAYS_EMBED_SWIFT_STANDARD_LIBRARIES = YES;
				BUNDLE_LOADER = "$(TEST_HOST)";
				CODE_SIGN_STYLE = Automatic;
				DEVELOPMENT_TEAM = 8F38J5WP9S;
				INFOPLIST_FILE = PriceCheckerTests/Info.plist;
				IPHONEOS_DEPLOYMENT_TARGET = 14.0;
				LD_RUNPATH_SEARCH_PATHS = (
					"$(inherited)",
					"@executable_path/Frameworks",
					"@loader_path/Frameworks",
				);
				PRODUCT_BUNDLE_IDENTIFIER = bruh.PriceCheckerTests;
				PRODUCT_NAME = "$(TARGET_NAME)";
				SWIFT_VERSION = 5.0;
				TARGETED_DEVICE_FAMILY = "1,2";
				TEST_HOST = "$(BUILT_PRODUCTS_DIR)/PriceChecker.app/PriceChecker";
			};
			name = Debug;
		};
		011AF2A8256DCC6100E11B10 /* Release */ = {
			isa = XCBuildConfiguration;
			buildSettings = {
				ALWAYS_EMBED_SWIFT_STANDARD_LIBRARIES = YES;
				BUNDLE_LOADER = "$(TEST_HOST)";
				CODE_SIGN_STYLE = Automatic;
				DEVELOPMENT_TEAM = 8F38J5WP9S;
				INFOPLIST_FILE = PriceCheckerTests/Info.plist;
				IPHONEOS_DEPLOYMENT_TARGET = 14.0;
				LD_RUNPATH_SEARCH_PATHS = (
					"$(inherited)",
					"@executable_path/Frameworks",
					"@loader_path/Frameworks",
				);
				PRODUCT_BUNDLE_IDENTIFIER = bruh.PriceCheckerTests;
				PRODUCT_NAME = "$(TARGET_NAME)";
				SWIFT_VERSION = 5.0;
				TARGETED_DEVICE_FAMILY = "1,2";
				TEST_HOST = "$(BUILT_PRODUCTS_DIR)/PriceChecker.app/PriceChecker";
			};
			name = Release;
		};
		011AF2AA256DCC6100E11B10 /* Debug */ = {
			isa = XCBuildConfiguration;
			buildSettings = {
				ALWAYS_EMBED_SWIFT_STANDARD_LIBRARIES = YES;
				CODE_SIGN_STYLE = Automatic;
				DEVELOPMENT_TEAM = 8F38J5WP9S;
				INFOPLIST_FILE = PriceCheckerUITests/Info.plist;
				LD_RUNPATH_SEARCH_PATHS = (
					"$(inherited)",
					"@executable_path/Frameworks",
					"@loader_path/Frameworks",
				);
				PRODUCT_BUNDLE_IDENTIFIER = bruh.PriceCheckerUITests;
				PRODUCT_NAME = "$(TARGET_NAME)";
				SWIFT_VERSION = 5.0;
				TARGETED_DEVICE_FAMILY = "1,2";
				TEST_TARGET_NAME = PriceChecker;
			};
			name = Debug;
		};
		011AF2AB256DCC6100E11B10 /* Release */ = {
			isa = XCBuildConfiguration;
			buildSettings = {
				ALWAYS_EMBED_SWIFT_STANDARD_LIBRARIES = YES;
				CODE_SIGN_STYLE = Automatic;
				DEVELOPMENT_TEAM = 8F38J5WP9S;
				INFOPLIST_FILE = PriceCheckerUITests/Info.plist;
				LD_RUNPATH_SEARCH_PATHS = (
					"$(inherited)",
					"@executable_path/Frameworks",
					"@loader_path/Frameworks",
				);
				PRODUCT_BUNDLE_IDENTIFIER = bruh.PriceCheckerUITests;
				PRODUCT_NAME = "$(TARGET_NAME)";
				SWIFT_VERSION = 5.0;
				TARGETED_DEVICE_FAMILY = "1,2";
				TEST_TARGET_NAME = PriceChecker;
			};
			name = Release;
		};
/* End XCBuildConfiguration section */

/* Begin XCConfigurationList section */
		011AF274256DCC5E00E11B10 /* Build configuration list for PBXProject "PriceChecker" */ = {
			isa = XCConfigurationList;
			buildConfigurations = (
				011AF2A1256DCC6100E11B10 /* Debug */,
				011AF2A2256DCC6100E11B10 /* Release */,
			);
			defaultConfigurationIsVisible = 0;
			defaultConfigurationName = Release;
		};
		011AF2A3256DCC6100E11B10 /* Build configuration list for PBXNativeTarget "PriceChecker" */ = {
			isa = XCConfigurationList;
			buildConfigurations = (
				011AF2A4256DCC6100E11B10 /* Debug */,
				011AF2A5256DCC6100E11B10 /* Release */,
			);
			defaultConfigurationIsVisible = 0;
			defaultConfigurationName = Release;
		};
		011AF2A6256DCC6100E11B10 /* Build configuration list for PBXNativeTarget "PriceCheckerTests" */ = {
			isa = XCConfigurationList;
			buildConfigurations = (
				011AF2A7256DCC6100E11B10 /* Debug */,
				011AF2A8256DCC6100E11B10 /* Release */,
			);
			defaultConfigurationIsVisible = 0;
			defaultConfigurationName = Release;
		};
		011AF2A9256DCC6100E11B10 /* Build configuration list for PBXNativeTarget "PriceCheckerUITests" */ = {
			isa = XCConfigurationList;
			buildConfigurations = (
				011AF2AA256DCC6100E11B10 /* Debug */,
				011AF2AB256DCC6100E11B10 /* Release */,
			);
			defaultConfigurationIsVisible = 0;
			defaultConfigurationName = Release;
		};
/* End XCConfigurationList section */
	};
	rootObject = 011AF271256DCC5E00E11B10 /* Project object */;
}
